
Microsoft Visual Studio Solution File, Format Version 12.00
# Visual Studio 15
VisualStudioVersion = 15.0.28010.2048
MinimumVisualStudioVersion = 10.0.40219.1
Project("{FAE04EC0-301F-11D3-BF4B-00C04F79EFBC}") = "Barcode_QR.Android", "Barcode_QR\Barcode_QR.Android\Barcode_QR.Android.csproj", "{58672797-C0B6-4DE1-B9CB-44EAEBE4C09E}"
EndProject
Project("{FAE04EC0-301F-11D3-BF4B-00C04F79EFBC}") = "Barcode_QR.iOS", "Barcode_QR\Barcode_QR.iOS\Barcode_QR.iOS.csproj", "{BEB17E7C-82A2-470E-9379-D7C1759A6E28}"
EndProject
Project("{FAE04EC0-301F-11D3-BF4B-00C04F79EFBC}") = "Barcode_QR.UWP", "Barcode_QR\Barcode_QR.UWP\Barcode_QR.UWP.csproj", "{63B77BD8-EC90-486C-B6EC-67CACF88CB61}"
EndProject
Project("{FAE04EC0-301F-11D3-BF4B-00C04F79EFBC}") = "Barcode_QR", "Barcode_QR\Barcode_QR\Barcode_QR.csproj", "{675E3617-267A-48AE-9B1A-BF7C60A44A23}"
EndProject
Global
	GlobalSection(SolutionConfigurationPlatforms) = preSolution
		Ad-Hoc|Any CPU = Ad-Hoc|Any CPU
		Ad-Hoc|ARM = Ad-Hoc|ARM
		Ad-Hoc|iPhone = Ad-Hoc|iPhone
		Ad-Hoc|iPhoneSimulator = Ad-Hoc|iPhoneSimulator
		Ad-Hoc|x64 = Ad-Hoc|x64
		Ad-Hoc|x86 = Ad-Hoc|x86
		AppStore|Any CPU = AppStore|Any CPU
		AppStore|ARM = AppStore|ARM
		AppStore|iPhone = AppStore|iPhone
		AppStore|iPhoneSimulator = AppStore|iPhoneSimulator
		AppStore|x64 = AppStore|x64
		AppStore|x86 = AppStore|x86
		Debug|Any CPU = Debug|Any CPU
		Debug|ARM = Debug|ARM
		Debug|iPhone = Debug|iPhone
		Debug|iPhoneSimulator = Debug|iPhoneSimulator
		Debug|x64 = Debug|x64
		Debug|x86 = Debug|x86
		Release|Any CPU = Release|Any CPU
		Release|ARM = Release|ARM
		Release|iPhone = Release|iPhone
		Release|iPhoneSimulator = Release|iPhoneSimulator
		Release|x64 = Release|x64
		Release|x86 = Release|x86
	EndGlobalSection
	GlobalSection(ProjectConfigurationPlatforms) = postSolution
		{58672797-C0B6-4DE1-B9CB-44EAEBE4C09E}.Ad-Hoc|Any CPU.ActiveCfg = Release|Any CPU
		{58672797-C0B6-4DE1-B9CB-44EAEBE4C09E}.Ad-Hoc|Any CPU.Build.0 = Release|Any CPU
		{58672797-C0B6-4DE1-B9CB-44EAEBE4C09E}.Ad-Hoc|Any CPU.Deploy.0 = Release|Any CPU
		{58672797-C0B6-4DE1-B9CB-44EAEBE4C09E}.Ad-Hoc|ARM.ActiveCfg = Release|Any CPU
		{58672797-C0B6-4DE1-B9CB-44EAEBE4C09E}.Ad-Hoc|ARM.Build.0 = Release|Any CPU
		{58672797-C0B6-4DE1-B9CB-44EAEBE4C09E}.Ad-Hoc|ARM.Deploy.0 = Release|Any CPU
		{58672797-C0B6-4DE1-B9CB-44EAEBE4C09E}.Ad-Hoc|iPhone.ActiveCfg = Release|Any CPU
		{58672797-C0B6-4DE1-B9CB-44EAEBE4C09E}.Ad-Hoc|iPhone.Build.0 = Release|Any CPU
		{58672797-C0B6-4DE1-B9CB-44EAEBE4C09E}.Ad-Hoc|iPhone.Deploy.0 = Release|Any CPU
		{58672797-C0B6-4DE1-B9CB-44EAEBE4C09E}.Ad-Hoc|iPhoneSimulator.ActiveCfg = Release|Any CPU
		{58672797-C0B6-4DE1-B9CB-44EAEBE4C09E}.Ad-Hoc|iPhoneSimulator.Build.0 = Release|Any CPU
		{58672797-C0B6-4DE1-B9CB-44EAEBE4C09E}.Ad-Hoc|iPhoneSimulator.Deploy.0 = Release|Any CPU
		{58672797-C0B6-4DE1-B9CB-44EAEBE4C09E}.Ad-Hoc|x64.ActiveCfg = Release|Any CPU
		{58672797-C0B6-4DE1-B9CB-44EAEBE4C09E}.Ad-Hoc|x64.Build.0 = Release|Any CPU
		{58672797-C0B6-4DE1-B9CB-44EAEBE4C09E}.Ad-Hoc|x64.Deploy.0 = Release|Any CPU
		{58672797-C0B6-4DE1-B9CB-44EAEBE4C09E}.Ad-Hoc|x86.ActiveCfg = Release|Any CPU
		{58672797-C0B6-4DE1-B9CB-44EAEBE4C09E}.Ad-Hoc|x86.Build.0 = Release|Any CPU
		{58672797-C0B6-4DE1-B9CB-44EAEBE4C09E}.Ad-Hoc|x86.Deploy.0 = Release|Any CPU
		{58672797-C0B6-4DE1-B9CB-44EAEBE4C09E}.AppStore|Any CPU.ActiveCfg = Release|Any CPU
		{58672797-C0B6-4DE1-B9CB-44EAEBE4C09E}.AppStore|Any CPU.Build.0 = Release|Any CPU
		{58672797-C0B6-4DE1-B9CB-44EAEBE4C09E}.AppStore|Any CPU.Deploy.0 = Release|Any CPU
		{58672797-C0B6-4DE1-B9CB-44EAEBE4C09E}.AppStore|ARM.ActiveCfg = Release|Any CPU
		{58672797-C0B6-4DE1-B9CB-44EAEBE4C09E}.AppStore|ARM.Build.0 = Release|Any CPU
		{58672797-C0B6-4DE1-B9CB-44EAEBE4C09E}.AppStore|ARM.Deploy.0 = Release|Any CPU
		{58672797-C0B6-4DE1-B9CB-44EAEBE4C09E}.AppStore|iPhone.ActiveCfg = Release|Any CPU
		{58672797-C0B6-4DE1-B9CB-44EAEBE4C09E}.AppStore|iPhone.Build.0 = Release|Any CPU
		{58672797-C0B6-4DE1-B9CB-44EAEBE4C09E}.AppStore|iPhone.Deploy.0 = Release|Any CPU
		{58672797-C0B6-4DE1-B9CB-44EAEBE4C09E}.AppStore|iPhoneSimulator.ActiveCfg = Release|Any CPU
		{58672797-C0B6-4DE1-B9CB-44EAEBE4C09E}.AppStore|iPhoneSimulator.Build.0 = Release|Any CPU
		{58672797-C0B6-4DE1-B9CB-44EAEBE4C09E}.AppStore|iPhoneSimulator.Deploy.0 = Release|Any CPU
		{58672797-C0B6-4DE1-B9CB-44EAEBE4C09E}.AppStore|x64.ActiveCfg = Release|Any CPU
		{58672797-C0B6-4DE1-B9CB-44EAEBE4C09E}.AppStore|x64.Build.0 = Release|Any CPU
		{58672797-C0B6-4DE1-B9CB-44EAEBE4C09E}.AppStore|x64.Deploy.0 = Release|Any CPU
		{58672797-C0B6-4DE1-B9CB-44EAEBE4C09E}.AppStore|x86.ActiveCfg = Release|Any CPU
		{58672797-C0B6-4DE1-B9CB-44EAEBE4C09E}.AppStore|x86.Build.0 = Release|Any CPU
		{58672797-C0B6-4DE1-B9CB-44EAEBE4C09E}.AppStore|x86.Deploy.0 = Release|Any CPU
		{58672797-C0B6-4DE1-B9CB-44EAEBE4C09E}.Debug|Any CPU.ActiveCfg = Debug|Any CPU
		{58672797-C0B6-4DE1-B9CB-44EAEBE4C09E}.Debug|Any CPU.Build.0 = Debug|Any CPU
		{58672797-C0B6-4DE1-B9CB-44EAEBE4C09E}.Debug|Any CPU.Deploy.0 = Debug|Any CPU
		{58672797-C0B6-4DE1-B9CB-44EAEBE4C09E}.Debug|ARM.ActiveCfg = Debug|Any CPU
		{58672797-C0B6-4DE1-B9CB-44EAEBE4C09E}.Debug|ARM.Build.0 = Debug|Any CPU
		{58672797-C0B6-4DE1-B9CB-44EAEBE4C09E}.Debug|ARM.Deploy.0 = Debug|Any CPU
		{58672797-C0B6-4DE1-B9CB-44EAEBE4C09E}.Debug|iPhone.ActiveCfg = Debug|Any CPU
		{58672797-C0B6-4DE1-B9CB-44EAEBE4C09E}.Debug|iPhone.Build.0 = Debug|Any CPU
		{58672797-C0B6-4DE1-B9CB-44EAEBE4C09E}.Debug|iPhone.Deploy.0 = Debug|Any CPU
		{58672797-C0B6-4DE1-B9CB-44EAEBE4C09E}.Debug|iPhoneSimulator.ActiveCfg = Debug|Any CPU
		{58672797-C0B6-4DE1-B9CB-44EAEBE4C09E}.Debug|iPhoneSimulator.Build.0 = Debug|Any CPU
		{58672797-C0B6-4DE1-B9CB-44EAEBE4C09E}.Debug|iPhoneSimulator.Deploy.0 = Debug|Any CPU
		{58672797-C0B6-4DE1-B9CB-44EAEBE4C09E}.Debug|x64.ActiveCfg = Debug|Any CPU
		{58672797-C0B6-4DE1-B9CB-44EAEBE4C09E}.Debug|x64.Build.0 = Debug|Any CPU
		{58672797-C0B6-4DE1-B9CB-44EAEBE4C09E}.Debug|x64.Deploy.0 = Debug|Any CPU
		{58672797-C0B6-4DE1-B9CB-44EAEBE4C09E}.Debug|x86.ActiveCfg = Debug|Any CPU
		{58672797-C0B6-4DE1-B9CB-44EAEBE4C09E}.Debug|x86.Build.0 = Debug|Any CPU
		{58672797-C0B6-4DE1-B9CB-44EAEBE4C09E}.Debug|x86.Deploy.0 = Debug|Any CPU
		{58672797-C0B6-4DE1-B9CB-44EAEBE4C09E}.Release|Any CPU.ActiveCfg = Release|Any CPU
		{58672797-C0B6-4DE1-B9CB-44EAEBE4C09E}.Release|Any CPU.Build.0 = Release|Any CPU
		{58672797-C0B6-4DE1-B9CB-44EAEBE4C09E}.Release|Any CPU.Deploy.0 = Release|Any CPU
		{58672797-C0B6-4DE1-B9CB-44EAEBE4C09E}.Release|ARM.ActiveCfg = Release|Any CPU
		{58672797-C0B6-4DE1-B9CB-44EAEBE4C09E}.Release|ARM.Build.0 = Release|Any CPU
		{58672797-C0B6-4DE1-B9CB-44EAEBE4C09E}.Release|ARM.Deploy.0 = Release|Any CPU
		{58672797-C0B6-4DE1-B9CB-44EAEBE4C09E}.Release|iPhone.ActiveCfg = Release|Any CPU
		{58672797-C0B6-4DE1-B9CB-44EAEBE4C09E}.Release|iPhone.Build.0 = Release|Any CPU
		{58672797-C0B6-4DE1-B9CB-44EAEBE4C09E}.Release|iPhone.Deploy.0 = Release|Any CPU
		{58672797-C0B6-4DE1-B9CB-44EAEBE4C09E}.Release|iPhoneSimulator.ActiveCfg = Release|Any CPU
		{58672797-C0B6-4DE1-B9CB-44EAEBE4C09E}.Release|iPhoneSimulator.Build.0 = Release|Any CPU
		{58672797-C0B6-4DE1-B9CB-44EAEBE4C09E}.Release|iPhoneSimulator.Deploy.0 = Release|Any CPU
		{58672797-C0B6-4DE1-B9CB-44EAEBE4C09E}.Release|x64.ActiveCfg = Release|Any CPU
		{58672797-C0B6-4DE1-B9CB-44EAEBE4C09E}.Release|x64.Build.0 = Release|Any CPU
		{58672797-C0B6-4DE1-B9CB-44EAEBE4C09E}.Release|x64.Deploy.0 = Release|Any CPU
		{58672797-C0B6-4DE1-B9CB-44EAEBE4C09E}.Release|x86.ActiveCfg = Release|Any CPU
		{58672797-C0B6-4DE1-B9CB-44EAEBE4C09E}.Release|x86.Build.0 = Release|Any CPU
		{58672797-C0B6-4DE1-B9CB-44EAEBE4C09E}.Release|x86.Deploy.0 = Release|Any CPU
		{BEB17E7C-82A2-470E-9379-D7C1759A6E28}.Ad-Hoc|Any CPU.ActiveCfg = Ad-Hoc|iPhone
		{BEB17E7C-82A2-470E-9379-D7C1759A6E28}.Ad-Hoc|Any CPU.Build.0 = Ad-Hoc|iPhone
		{BEB17E7C-82A2-470E-9379-D7C1759A6E28}.Ad-Hoc|Any CPU.Deploy.0 = Ad-Hoc|iPhone
		{BEB17E7C-82A2-470E-9379-D7C1759A6E28}.Ad-Hoc|ARM.ActiveCfg = Ad-Hoc|iPhone
		{BEB17E7C-82A2-470E-9379-D7C1759A6E28}.Ad-Hoc|ARM.Build.0 = Ad-Hoc|iPhone
		{BEB17E7C-82A2-470E-9379-D7C1759A6E28}.Ad-Hoc|ARM.Deploy.0 = Ad-Hoc|iPhone
		{BEB17E7C-82A2-470E-9379-D7C1759A6E28}.Ad-Hoc|iPhone.ActiveCfg = Ad-Hoc|iPhone
		{BEB17E7C-82A2-470E-9379-D7C1759A6E28}.Ad-Hoc|iPhone.Build.0 = Ad-Hoc|iPhone
		{BEB17E7C-82A2-470E-9379-D7C1759A6E28}.Ad-Hoc|iPhone.Deploy.0 = Ad-Hoc|iPhone
		{BEB17E7C-82A2-470E-9379-D7C1759A6E28}.Ad-Hoc|iPhoneSimulator.ActiveCfg = Ad-Hoc|iPhoneSimulator
		{BEB17E7C-82A2-470E-9379-D7C1759A6E28}.Ad-Hoc|iPhoneSimulator.Build.0 = Ad-Hoc|iPhoneSimulator
		{BEB17E7C-82A2-470E-9379-D7C1759A6E28}.Ad-Hoc|iPhoneSimulator.Deploy.0 = Ad-Hoc|iPhoneSimulator
		{BEB17E7C-82A2-470E-9379-D7C1759A6E28}.Ad-Hoc|x64.ActiveCfg = Ad-Hoc|iPhone
		{BEB17E7C-82A2-470E-9379-D7C1759A6E28}.Ad-Hoc|x64.Build.0 = Ad-Hoc|iPhone
		{BEB17E7C-82A2-470E-9379-D7C1759A6E28}.Ad-Hoc|x64.Deploy.0 = Ad-Hoc|iPhone
		{BEB17E7C-82A2-470E-9379-D7C1759A6E28}.Ad-Hoc|x86.ActiveCfg = Ad-Hoc|iPhone
		{BEB17E7C-82A2-470E-9379-D7C1759A6E28}.Ad-Hoc|x86.Build.0 = Ad-Hoc|iPhone
		{BEB17E7C-82A2-470E-9379-D7C1759A6E28}.Ad-Hoc|x86.Deploy.0 = Ad-Hoc|iPhone
		{BEB17E7C-82A2-470E-9379-D7C1759A6E28}.AppStore|Any CPU.ActiveCfg = AppStore|iPhone
		{BEB17E7C-82A2-470E-9379-D7C1759A6E28}.AppStore|Any CPU.Build.0 = AppStore|iPhone
		{BEB17E7C-82A2-470E-9379-D7C1759A6E28}.AppStore|Any CPU.Deploy.0 = AppStore|iPhone
		{BEB17E7C-82A2-470E-9379-D7C1759A6E28}.AppStore|ARM.ActiveCfg = AppStore|iPhone
		{BEB17E7C-82A2-470E-9379-D7C1759A6E28}.AppStore|ARM.Build.0 = AppStore|iPhone
		{BEB17E7C-82A2-470E-9379-D7C1759A6E28}.AppStore|ARM.Deploy.0 = AppStore|iPhone
		{BEB17E7C-82A2-470E-9379-D7C1759A6E28}.AppStore|iPhone.ActiveCfg = AppStore|iPhone
		{BEB17E7C-82A2-470E-9379-D7C1759A6E28}.AppStore|iPhone.Build.0 = AppStore|iPhone
		{BEB17E7C-82A2-470E-9379-D7C1759A6E28}.AppStore|iPhone.Deploy.0 = AppStore|iPhone
		{BEB17E7C-82A2-470E-9379-D7C1759A6E28}.AppStore|iPhoneSimulator.ActiveCfg = AppStore|iPhoneSimulator
		{BEB17E7C-82A2-470E-9379-D7C1759A6E28}.AppStore|iPhoneSimulator.Build.0 = AppStore|iPhoneSimulator
		{BEB17E7C-82A2-470E-9379-D7C1759A6E28}.AppStore|iPhoneSimulator.Deploy.0 = AppStore|iPhoneSimulator
		{BEB17E7C-82A2-470E-9379-D7C1759A6E28}.AppStore|x64.ActiveCfg = AppStore|iPhone
		{BEB17E7C-82A2-470E-9379-D7C1759A6E28}.AppStore|x64.Build.0 = AppStore|iPhone
		{BEB17E7C-82A2-470E-9379-D7C1759A6E28}.AppStore|x64.Deploy.0 = AppStore|iPhone
		{BEB17E7C-82A2-470E-9379-D7C1759A6E28}.AppStore|x86.ActiveCfg = AppStore|iPhone
		{BEB17E7C-82A2-470E-9379-D7C1759A6E28}.AppStore|x86.Build.0 = AppStore|iPhone
		{BEB17E7C-82A2-470E-9379-D7C1759A6E28}.AppStore|x86.Deploy.0 = AppStore|iPhone
		{BEB17E7C-82A2-470E-9379-D7C1759A6E28}.Debug|Any CPU.ActiveCfg = Debug|iPhoneSimulator
		{BEB17E7C-82A2-470E-9379-D7C1759A6E28}.Debug|Any CPU.Build.0 = Debug|iPhoneSimulator
		{BEB17E7C-82A2-470E-9379-D7C1759A6E28}.Debug|Any CPU.Deploy.0 = Debug|iPhoneSimulator
		{BEB17E7C-82A2-470E-9379-D7C1759A6E28}.Debug|ARM.ActiveCfg = Debug|iPhone
		{BEB17E7C-82A2-470E-9379-D7C1759A6E28}.Debug|ARM.Build.0 = Debug|iPhone
		{BEB17E7C-82A2-470E-9379-D7C1759A6E28}.Debug|ARM.Deploy.0 = Debug|iPhone
		{BEB17E7C-82A2-470E-9379-D7C1759A6E28}.Debug|iPhone.ActiveCfg = Debug|iPhone
		{BEB17E7C-82A2-470E-9379-D7C1759A6E28}.Debug|iPhone.Build.0 = Debug|iPhone
		{BEB17E7C-82A2-470E-9379-D7C1759A6E28}.Debug|iPhone.Deploy.0 = Debug|iPhone
		{BEB17E7C-82A2-470E-9379-D7C1759A6E28}.Debug|iPhoneSimulator.ActiveCfg = Debug|iPhoneSimulator
		{BEB17E7C-82A2-470E-9379-D7C1759A6E28}.Debug|iPhoneSimulator.Build.0 = Debug|iPhoneSimulator
		{BEB17E7C-82A2-470E-9379-D7C1759A6E28}.Debug|iPhoneSimulator.Deploy.0 = Debug|iPhoneSimulator
		{BEB17E7C-82A2-470E-9379-D7C1759A6E28}.Debug|x64.ActiveCfg = Debug|iPhone
		{BEB17E7C-82A2-470E-9379-D7C1759A6E28}.Debug|x64.Build.0 = Debug|iPhone
		{BEB17E7C-82A2-470E-9379-D7C1759A6E28}.Debug|x64.Deploy.0 = Debug|iPhone
		{BEB17E7C-82A2-470E-9379-D7C1759A6E28}.Debug|x86.ActiveCfg = Debug|iPhone
		{BEB17E7C-82A2-470E-9379-D7C1759A6E28}.Debug|x86.Build.0 = Debug|iPhone
		{BEB17E7C-82A2-470E-9379-D7C1759A6E28}.Debug|x86.Deploy.0 = Debug|iPhone
		{BEB17E7C-82A2-470E-9379-D7C1759A6E28}.Release|Any CPU.ActiveCfg = Release|iPhone
		{BEB17E7C-82A2-470E-9379-D7C1759A6E28}.Release|Any CPU.Build.0 = Release|iPhone
		{BEB17E7C-82A2-470E-9379-D7C1759A6E28}.Release|Any CPU.Deploy.0 = Release|iPhone
		{BEB17E7C-82A2-470E-9379-D7C1759A6E28}.Release|ARM.ActiveCfg = Release|iPhone
		{BEB17E7C-82A2-470E-9379-D7C1759A6E28}.Release|ARM.Build.0 = Release|iPhone
		{BEB17E7C-82A2-470E-9379-D7C1759A6E28}.Release|ARM.Deploy.0 = Release|iPhone
		{BEB17E7C-82A2-470E-9379-D7C1759A6E28}.Release|iPhone.ActiveCfg = Release|iPhone
		{BEB17E7C-82A2-470E-9379-D7C1759A6E28}.Release|iPhone.Build.0 = Release|iPhone
		{BEB17E7C-82A2-470E-9379-D7C1759A6E28}.Release|iPhone.Deploy.0 = Release|iPhone
		{BEB17E7C-82A2-470E-9379-D7C1759A6E28}.Release|iPhoneSimulator.ActiveCfg = Release|iPhoneSimulator
		{BEB17E7C-82A2-470E-9379-D7C1759A6E28}.Release|iPhoneSimulator.Build.0 = Release|iPhoneSimulator
		{BEB17E7C-82A2-470E-9379-D7C1759A6E28}.Release|iPhoneSimulator.Deploy.0 = Release|iPhoneSimulator
		{BEB17E7C-82A2-470E-9379-D7C1759A6E28}.Release|x64.ActiveCfg = Release|iPhone
		{BEB17E7C-82A2-470E-9379-D7C1759A6E28}.Release|x64.Build.0 = Release|iPhone
		{BEB17E7C-82A2-470E-9379-D7C1759A6E28}.Release|x64.Deploy.0 = Release|iPhone
		{BEB17E7C-82A2-470E-9379-D7C1759A6E28}.Release|x86.ActiveCfg = Release|iPhone
		{BEB17E7C-82A2-470E-9379-D7C1759A6E28}.Release|x86.Build.0 = Release|iPhone
		{BEB17E7C-82A2-470E-9379-D7C1759A6E28}.Release|x86.Deploy.0 = Release|iPhone
		{63B77BD8-EC90-486C-B6EC-67CACF88CB61}.Ad-Hoc|Any CPU.ActiveCfg = Release|x86
		{63B77BD8-EC90-486C-B6EC-67CACF88CB61}.Ad-Hoc|Any CPU.Build.0 = Release|x86
		{63B77BD8-EC90-486C-B6EC-67CACF88CB61}.Ad-Hoc|Any CPU.Deploy.0 = Release|x86
		{63B77BD8-EC90-486C-B6EC-67CACF88CB61}.Ad-Hoc|ARM.ActiveCfg = Release|ARM
		{63B77BD8-EC90-486C-B6EC-67CACF88CB61}.Ad-Hoc|ARM.Build.0 = Release|ARM
		{63B77BD8-EC90-486C-B6EC-67CACF88CB61}.Ad-Hoc|ARM.Deploy.0 = Release|ARM
		{63B77BD8-EC90-486C-B6EC-67CACF88CB61}.Ad-Hoc|iPhone.ActiveCfg = Release|x86
		{63B77BD8-EC90-486C-B6EC-67CACF88CB61}.Ad-Hoc|iPhone.Build.0 = Release|x86
		{63B77BD8-EC90-486C-B6EC-67CACF88CB61}.Ad-Hoc|iPhone.Deploy.0 = Release|x86
		{63B77BD8-EC90-486C-B6EC-67CACF88CB61}.Ad-Hoc|iPhoneSimulator.ActiveCfg = Release|x86
		{63B77BD8-EC90-486C-B6EC-67CACF88CB61}.Ad-Hoc|iPhoneSimulator.Build.0 = Release|x86
		{63B77BD8-EC90-486C-B6EC-67CACF88CB61}.Ad-Hoc|iPhoneSimulator.Deploy.0 = Release|x86
		{63B77BD8-EC90-486C-B6EC-67CACF88CB61}.Ad-Hoc|x64.ActiveCfg = Release|x64
		{63B77BD8-EC90-486C-B6EC-67CACF88CB61}.Ad-Hoc|x64.Build.0 = Release|x64
		{63B77BD8-EC90-486C-B6EC-67CACF88CB61}.Ad-Hoc|x64.Deploy.0 = Release|x64
		{63B77BD8-EC90-486C-B6EC-67CACF88CB61}.Ad-Hoc|x86.ActiveCfg = Release|x86
		{63B77BD8-EC90-486C-B6EC-67CACF88CB61}.Ad-Hoc|x86.Build.0 = Release|x86
		{63B77BD8-EC90-486C-B6EC-67CACF88CB61}.Ad-Hoc|x86.Deploy.0 = Release|x86
		{63B77BD8-EC90-486C-B6EC-67CACF88CB61}.AppStore|Any CPU.ActiveCfg = Release|x86
		{63B77BD8-EC90-486C-B6EC-67CACF88CB61}.AppStore|Any CPU.Build.0 = Release|x86
		{63B77BD8-EC90-486C-B6EC-67CACF88CB61}.AppStore|Any CPU.Deploy.0 = Release|x86
		{63B77BD8-EC90-486C-B6EC-67CACF88CB61}.AppStore|ARM.ActiveCfg = Release|ARM
		{63B77BD8-EC90-486C-B6EC-67CACF88CB61}.AppStore|ARM.Build.0 = Release|ARM
		{63B77BD8-EC90-486C-B6EC-67CACF88CB61}.AppStore|ARM.Deploy.0 = Release|ARM
		{63B77BD8-EC90-486C-B6EC-67CACF88CB61}.AppStore|iPhone.ActiveCfg = Release|x86
		{63B77BD8-EC90-486C-B6EC-67CACF88CB61}.AppStore|iPhone.Build.0 = Release|x86
		{63B77BD8-EC90-486C-B6EC-67CACF88CB61}.AppStore|iPhone.Deploy.0 = Release|x86
		{63B77BD8-EC90-486C-B6EC-67CACF88CB61}.AppStore|iPhoneSimulator.ActiveCfg = Release|x86
		{63B77BD8-EC90-486C-B6EC-67CACF88CB61}.AppStore|iPhoneSimulator.Build.0 = Release|x86
		{63B77BD8-EC90-486C-B6EC-67CACF88CB61}.AppStore|iPhoneSimulator.Deploy.0 = Release|x86
		{63B77BD8-EC90-486C-B6EC-67CACF88CB61}.AppStore|x64.ActiveCfg = Release|x64
		{63B77BD8-EC90-486C-B6EC-67CACF88CB61}.AppStore|x64.Build.0 = Release|x64
		{63B77BD8-EC90-486C-B6EC-67CACF88CB61}.AppStore|x64.Deploy.0 = Release|x64
		{63B77BD8-EC90-486C-B6EC-67CACF88CB61}.AppStore|x86.ActiveCfg = Release|x86
		{63B77BD8-EC90-486C-B6EC-67CACF88CB61}.AppStore|x86.Build.0 = Release|x86
		{63B77BD8-EC90-486C-B6EC-67CACF88CB61}.AppStore|x86.Deploy.0 = Release|x86
		{63B77BD8-EC90-486C-B6EC-67CACF88CB61}.Debug|Any CPU.ActiveCfg = Debug|x86
		{63B77BD8-EC90-486C-B6EC-67CACF88CB61}.Debug|Any CPU.Build.0 = Debug|x86
		{63B77BD8-EC90-486C-B6EC-67CACF88CB61}.Debug|Any CPU.Deploy.0 = Debug|x86
		{63B77BD8-EC90-486C-B6EC-67CACF88CB61}.Debug|ARM.ActiveCfg = Debug|ARM
		{63B77BD8-EC90-486C-B6EC-67CACF88CB61}.Debug|ARM.Build.0 = Debug|ARM
		{63B77BD8-EC90-486C-B6EC-67CACF88CB61}.Debug|ARM.Deploy.0 = Debug|ARM
		{63B77BD8-EC90-486C-B6EC-67CACF88CB61}.Debug|iPhone.ActiveCfg = Debug|x86
		{63B77BD8-EC90-486C-B6EC-67CACF88CB61}.Debug|iPhone.Build.0 = Debug|x86
		{63B77BD8-EC90-486C-B6EC-67CACF88CB61}.Debug|iPhone.Deploy.0 = Debug|x86
		{63B77BD8-EC90-486C-B6EC-67CACF88CB61}.Debug|iPhoneSimulator.ActiveCfg = Debug|x86
		{63B77BD8-EC90-486C-B6EC-67CACF88CB61}.Debug|iPhoneSimulator.Build.0 = Debug|x86
		{63B77BD8-EC90-486C-B6EC-67CACF88CB61}.Debug|iPhoneSimulator.Deploy.0 = Debug|x86
		{63B77BD8-EC90-486C-B6EC-67CACF88CB61}.Debug|x64.ActiveCfg = Debug|x64
		{63B77BD8-EC90-486C-B6EC-67CACF88CB61}.Debug|x64.Build.0 = Debug|x64
		{63B77BD8-EC90-486C-B6EC-67CACF88CB61}.Debug|x64.Deploy.0 = Debug|x64
		{63B77BD8-EC90-486C-B6EC-67CACF88CB61}.Debug|x86.ActiveCfg = Debug|x86
		{63B77BD8-EC90-486C-B6EC-67CACF88CB61}.Debug|x86.Build.0 = Debug|x86
		{63B77BD8-EC90-486C-B6EC-67CACF88CB61}.Debug|x86.Deploy.0 = Debug|x86
		{63B77BD8-EC90-486C-B6EC-67CACF88CB61}.Release|Any CPU.ActiveCfg = Release|x86
		{63B77BD8-EC90-486C-B6EC-67CACF88CB61}.Release|Any CPU.Build.0 = Release|x86
		{63B77BD8-EC90-486C-B6EC-67CACF88CB61}.Release|Any CPU.Deploy.0 = Release|x86
		{63B77BD8-EC90-486C-B6EC-67CACF88CB61}.Release|ARM.ActiveCfg = Release|ARM
		{63B77BD8-EC90-486C-B6EC-67CACF88CB61}.Release|ARM.Build.0 = Release|ARM
		{63B77BD8-EC90-486C-B6EC-67CACF88CB61}.Release|ARM.Deploy.0 = Release|ARM
		{63B77BD8-EC90-486C-B6EC-67CACF88CB61}.Release|iPhone.ActiveCfg = Release|x86
		{63B77BD8-EC90-486C-B6EC-67CACF88CB61}.Release|iPhone.Build.0 = Release|x86
		{63B77BD8-EC90-486C-B6EC-67CACF88CB61}.Release|iPhone.Deploy.0 = Release|x86
		{63B77BD8-EC90-486C-B6EC-67CACF88CB61}.Release|iPhoneSimulator.ActiveCfg = Release|x86
		{63B77BD8-EC90-486C-B6EC-67CACF88CB61}.Release|iPhoneSimulator.Build.0 = Release|x86
		{63B77BD8-EC90-486C-B6EC-67CACF88CB61}.Release|iPhoneSimulator.Deploy.0 = Release|x86
		{63B77BD8-EC90-486C-B6EC-67CACF88CB61}.Release|x64.ActiveCfg = Release|x64
		{63B77BD8-EC90-486C-B6EC-67CACF88CB61}.Release|x64.Build.0 = Release|x64
		{63B77BD8-EC90-486C-B6EC-67CACF88CB61}.Release|x64.Deploy.0 = Release|x64
		{63B77BD8-EC90-486C-B6EC-67CACF88CB61}.Release|x86.ActiveCfg = Release|x86
		{63B77BD8-EC90-486C-B6EC-67CACF88CB61}.Release|x86.Build.0 = Release|x86
		{63B77BD8-EC90-486C-B6EC-67CACF88CB61}.Release|x86.Deploy.0 = Release|x86
		{675E3617-267A-48AE-9B1A-BF7C60A44A23}.Ad-Hoc|Any CPU.ActiveCfg = Debug|Any CPU
		{675E3617-267A-48AE-9B1A-BF7C60A44A23}.Ad-Hoc|Any CPU.Build.0 = Debug|Any CPU
		{675E3617-267A-48AE-9B1A-BF7C60A44A23}.Ad-Hoc|Any CPU.Deploy.0 = Debug|Any CPU
		{675E3617-267A-48AE-9B1A-BF7C60A44A23}.Ad-Hoc|ARM.ActiveCfg = Debug|Any CPU
		{675E3617-267A-48AE-9B1A-BF7C60A44A23}.Ad-Hoc|ARM.Build.0 = Debug|Any CPU
		{675E3617-267A-48AE-9B1A-BF7C60A44A23}.Ad-Hoc|ARM.Deploy.0 = Debug|Any CPU
		{675E3617-267A-48AE-9B1A-BF7C60A44A23}.Ad-Hoc|iPhone.ActiveCfg = Debug|Any CPU
		{675E3617-267A-48AE-9B1A-BF7C60A44A23}.Ad-Hoc|iPhone.Build.0 = Debug|Any CPU
		{675E3617-267A-48AE-9B1A-BF7C60A44A23}.Ad-Hoc|iPhone.Deploy.0 = Debug|Any CPU
		{675E3617-267A-48AE-9B1A-BF7C60A44A23}.Ad-Hoc|iPhoneSimulator.ActiveCfg = Debug|Any CPU
		{675E3617-267A-48AE-9B1A-BF7C60A44A23}.Ad-Hoc|iPhoneSimulator.Build.0 = Debug|Any CPU
		{675E3617-267A-48AE-9B1A-BF7C60A44A23}.Ad-Hoc|iPhoneSimulator.Deploy.0 = Debug|Any CPU
		{675E3617-267A-48AE-9B1A-BF7C60A44A23}.Ad-Hoc|x64.ActiveCfg = Debug|Any CPU
		{675E3617-267A-48AE-9B1A-BF7C60A44A23}.Ad-Hoc|x64.Build.0 = Debug|Any CPU
		{675E3617-267A-48AE-9B1A-BF7C60A44A23}.Ad-Hoc|x64.Deploy.0 = Debug|Any CPU
		{675E3617-267A-48AE-9B1A-BF7C60A44A23}.Ad-Hoc|x86.ActiveCfg = Debug|Any CPU
		{675E3617-267A-48AE-9B1A-BF7C60A44A23}.Ad-Hoc|x86.Build.0 = Debug|Any CPU
		{675E3617-267A-48AE-9B1A-BF7C60A44A23}.Ad-Hoc|x86.Deploy.0 = Debug|Any CPU
		{675E3617-267A-48AE-9B1A-BF7C60A44A23}.AppStore|Any CPU.ActiveCfg = Debug|Any CPU
		{675E3617-267A-48AE-9B1A-BF7C60A44A23}.AppStore|Any CPU.Build.0 = Debug|Any CPU
		{675E3617-267A-48AE-9B1A-BF7C60A44A23}.AppStore|Any CPU.Deploy.0 = Debug|Any CPU
		{675E3617-267A-48AE-9B1A-BF7C60A44A23}.AppStore|ARM.ActiveCfg = Debug|Any CPU
		{675E3617-267A-48AE-9B1A-BF7C60A44A23}.AppStore|ARM.Build.0 = Debug|Any CPU
		{675E3617-267A-48AE-9B1A-BF7C60A44A23}.AppStore|ARM.Deploy.0 = Debug|Any CPU
		{675E3617-267A-48AE-9B1A-BF7C60A44A23}.AppStore|iPhone.ActiveCfg = Debug|Any CPU
		{675E3617-267A-48AE-9B1A-BF7C60A44A23}.AppStore|iPhone.Build.0 = Debug|Any CPU
		{675E3617-267A-48AE-9B1A-BF7C60A44A23}.AppStore|iPhone.Deploy.0 = Debug|Any CPU
		{675E3617-267A-48AE-9B1A-BF7C60A44A23}.AppStore|iPhoneSimulator.ActiveCfg = Debug|Any CPU
		{675E3617-267A-48AE-9B1A-BF7C60A44A23}.AppStore|iPhoneSimulator.Build.0 = Debug|Any CPU
		{675E3617-267A-48AE-9B1A-BF7C60A44A23}.AppStore|iPhoneSimulator.Deploy.0 = Debug|Any CPU
		{675E3617-267A-48AE-9B1A-BF7C60A44A23}.AppStore|x64.ActiveCfg = Debug|Any CPU
		{675E3617-267A-48AE-9B1A-BF7C60A44A23}.AppStore|x64.Build.0 = Debug|Any CPU
		{675E3617-267A-48AE-9B1A-BF7C60A44A23}.AppStore|x64.Deploy.0 = Debug|Any CPU
		{675E3617-267A-48AE-9B1A-BF7C60A44A23}.AppStore|x86.ActiveCfg = Debug|Any CPU
		{675E3617-267A-48AE-9B1A-BF7C60A44A23}.AppStore|x86.Build.0 = Debug|Any CPU
		{675E3617-267A-48AE-9B1A-BF7C60A44A23}.AppStore|x86.Deploy.0 = Debug|Any CPU
		{675E3617-267A-48AE-9B1A-BF7C60A44A23}.Debug|Any CPU.ActiveCfg = Debug|Any CPU
		{675E3617-267A-48AE-9B1A-BF7C60A44A23}.Debug|Any CPU.Build.0 = Debug|Any CPU
		{675E3617-267A-48AE-9B1A-BF7C60A44A23}.Debug|Any CPU.Deploy.0 = Debug|Any CPU
		{675E3617-267A-48AE-9B1A-BF7C60A44A23}.Debug|ARM.ActiveCfg = Debug|Any CPU
		{675E3617-267A-48AE-9B1A-BF7C60A44A23}.Debug|ARM.Build.0 = Debug|Any CPU
		{675E3617-267A-48AE-9B1A-BF7C60A44A23}.Debug|ARM.Deploy.0 = Debug|Any CPU
		{675E3617-267A-48AE-9B1A-BF7C60A44A23}.Debug|iPhone.ActiveCfg = Debug|Any CPU
		{675E3617-267A-48AE-9B1A-BF7C60A44A23}.Debug|iPhone.Build.0 = Debug|Any CPU
		{675E3617-267A-48AE-9B1A-BF7C60A44A23}.Debug|iPhone.Deploy.0 = Debug|Any CPU
		{675E3617-267A-48AE-9B1A-BF7C60A44A23}.Debug|iPhoneSimulator.ActiveCfg = Debug|Any CPU
		{675E3617-267A-48AE-9B1A-BF7C60A44A23}.Debug|iPhoneSimulator.Build.0 = Debug|Any CPU
		{675E3617-267A-48AE-9B1A-BF7C60A44A23}.Debug|iPhoneSimulator.Deploy.0 = Debug|Any CPU
		{675E3617-267A-48AE-9B1A-BF7C60A44A23}.Debug|x64.ActiveCfg = Debug|Any CPU
		{675E3617-267A-48AE-9B1A-BF7C60A44A23}.Debug|x64.Build.0 = Debug|Any CPU
		{675E3617-267A-48AE-9B1A-BF7C60A44A23}.Debug|x64.Deploy.0 = Debug|Any CPU
		{675E3617-267A-48AE-9B1A-BF7C60A44A23}.Debug|x86.ActiveCfg = Debug|Any CPU
		{675E3617-267A-48AE-9B1A-BF7C60A44A23}.Debug|x86.Build.0 = Debug|Any CPU
		{675E3617-267A-48AE-9B1A-BF7C60A44A23}.Debug|x86.Deploy.0 = Debug|Any CPU
		{675E3617-267A-48AE-9B1A-BF7C60A44A23}.Release|Any CPU.ActiveCfg = Release|Any CPU
		{675E3617-267A-48AE-9B1A-BF7C60A44A23}.Release|Any CPU.Build.0 = Release|Any CPU
		{675E3617-267A-48AE-9B1A-BF7C60A44A23}.Release|Any CPU.Deploy.0 = Release|Any CPU
		{675E3617-267A-48AE-9B1A-BF7C60A44A23}.Release|ARM.ActiveCfg = Release|Any CPU
		{675E3617-267A-48AE-9B1A-BF7C60A44A23}.Release|ARM.Build.0 = Release|Any CPU
		{675E3617-267A-48AE-9B1A-BF7C60A44A23}.Release|ARM.Deploy.0 = Release|Any CPU
		{675E3617-267A-48AE-9B1A-BF7C60A44A23}.Release|iPhone.ActiveCfg = Release|Any CPU
		{675E3617-267A-48AE-9B1A-BF7C60A44A23}.Release|iPhone.Build.0 = Release|Any CPU
		{675E3617-267A-48AE-9B1A-BF7C60A44A23}.Release|iPhone.Deploy.0 = Release|Any CPU
		{675E3617-267A-48AE-9B1A-BF7C60A44A23}.Release|iPhoneSimulator.ActiveCfg = Release|Any CPU
		{675E3617-267A-48AE-9B1A-BF7C60A44A23}.Release|iPhoneSimulator.Build.0 = Release|Any CPU
		{675E3617-267A-48AE-9B1A-BF7C60A44A23}.Release|iPhoneSimulator.Deploy.0 = Release|Any CPU
		{675E3617-267A-48AE-9B1A-BF7C60A44A23}.Release|x64.ActiveCfg = Release|Any CPU
		{675E3617-267A-48AE-9B1A-BF7C60A44A23}.Release|x64.Build.0 = Release|Any CPU
		{675E3617-267A-48AE-9B1A-BF7C60A44A23}.Release|x64.Deploy.0 = Release|Any CPU
		{675E3617-267A-48AE-9B1A-BF7C60A44A23}.Release|x86.ActiveCfg = Release|Any CPU
		{675E3617-267A-48AE-9B1A-BF7C60A44A23}.Release|x86.Build.0 = Release|Any CPU
		{675E3617-267A-48AE-9B1A-BF7C60A44A23}.Release|x86.Deploy.0 = Release|Any CPU
	EndGlobalSection
	GlobalSection(SolutionProperties) = preSolution
		HideSolutionNode = FALSE
	EndGlobalSection
	GlobalSection(ExtensibilityGlobals) = postSolution
		SolutionGuid = {D2A49E6C-69F8-4C4D-AA9F-A39A8F50130C}
	EndGlobalSection
EndGlobal
